// !$*UTF8*$!
{
	archiveVersion = 1;
	classes = {
	};
	objectVersion = 56;
	objects = {

/* Begin PBXBuildFile section */
		8073B43329E0A9B40054B64D /* AppDelegate.swift in Sources */ = {isa = PBXBuildFile; fileRef = 8073B43229E0A9B40054B64D /* AppDelegate.swift */; };
		8073B43529E0A9B40054B64D /* SceneDelegate.swift in Sources */ = {isa = PBXBuildFile; fileRef = 8073B43429E0A9B40054B64D /* SceneDelegate.swift */; };
		8073B43729E0A9B40054B64D /* ViewController.swift in Sources */ = {isa = PBXBuildFile; fileRef = 8073B43629E0A9B40054B64D /* ViewController.swift */; };
		8073B43A29E0A9B40054B64D /* Main.storyboard in Resources */ = {isa = PBXBuildFile; fileRef = 8073B43829E0A9B40054B64D /* Main.storyboard */; };
		8073B43C29E0A9BA0054B64D /* Assets.xcassets in Resources */ = {isa = PBXBuildFile; fileRef = 8073B43B29E0A9BA0054B64D /* Assets.xcassets */; };
		8073B43F29E0A9BA0054B64D /* LaunchScreen.storyboard in Resources */ = {isa = PBXBuildFile; fileRef = 8073B43D29E0A9BA0054B64D /* LaunchScreen.storyboard */; };
		8073B44A29E0A9BA0054B64D /* TechnicalTestTests.swift in Sources */ = {isa = PBXBuildFile; fileRef = 8073B44929E0A9BA0054B64D /* TechnicalTestTests.swift */; };
		8073B45429E0A9BA0054B64D /* TechnicalTestUITests.swift in Sources */ = {isa = PBXBuildFile; fileRef = 8073B45329E0A9BA0054B64D /* TechnicalTestUITests.swift */; };
		8073B45629E0A9BA0054B64D /* TechnicalTestUITestsLaunchTests.swift in Sources */ = {isa = PBXBuildFile; fileRef = 8073B45529E0A9BA0054B64D /* TechnicalTestUITestsLaunchTests.swift */; };
		8073B4B129E211DE0054B64D /* AdsServiceProtocol.swift in Sources */ = {isa = PBXBuildFile; fileRef = 8073B4A729E211DD0054B64D /* AdsServiceProtocol.swift */; };
		8073B4B229E211DE0054B64D /* AdsServiceProtocol.swift in Sources */ = {isa = PBXBuildFile; fileRef = 8073B4A729E211DD0054B64D /* AdsServiceProtocol.swift */; };
		8073B4B329E211DE0054B64D /* AdsServiceProtocol.swift in Sources */ = {isa = PBXBuildFile; fileRef = 8073B4A729E211DD0054B64D /* AdsServiceProtocol.swift */; };
		8073B4B429E211DE0054B64D /* AdsService.swift in Sources */ = {isa = PBXBuildFile; fileRef = 8073B4A829E211DD0054B64D /* AdsService.swift */; };
		8073B4B529E211DE0054B64D /* AdsService.swift in Sources */ = {isa = PBXBuildFile; fileRef = 8073B4A829E211DD0054B64D /* AdsService.swift */; };
		8073B4B629E211DE0054B64D /* AdsService.swift in Sources */ = {isa = PBXBuildFile; fileRef = 8073B4A829E211DD0054B64D /* AdsService.swift */; };
		8073B4B729E211DE0054B64D /* ApiConstants.swift in Sources */ = {isa = PBXBuildFile; fileRef = 8073B4A929E211DD0054B64D /* ApiConstants.swift */; };
		8073B4B829E211DE0054B64D /* ApiConstants.swift in Sources */ = {isa = PBXBuildFile; fileRef = 8073B4A929E211DD0054B64D /* ApiConstants.swift */; };
		8073B4B929E211DE0054B64D /* ApiConstants.swift in Sources */ = {isa = PBXBuildFile; fileRef = 8073B4A929E211DD0054B64D /* ApiConstants.swift */; };
		8073B4BA29E211DE0054B64D /* CategoriesServiceProtocol.swift in Sources */ = {isa = PBXBuildFile; fileRef = 8073B4AB29E211DD0054B64D /* CategoriesServiceProtocol.swift */; };
		8073B4BB29E211DE0054B64D /* CategoriesServiceProtocol.swift in Sources */ = {isa = PBXBuildFile; fileRef = 8073B4AB29E211DD0054B64D /* CategoriesServiceProtocol.swift */; };
		8073B4BC29E211DE0054B64D /* CategoriesServiceProtocol.swift in Sources */ = {isa = PBXBuildFile; fileRef = 8073B4AB29E211DD0054B64D /* CategoriesServiceProtocol.swift */; };
		8073B4BD29E211DE0054B64D /* CategoriesService.swift in Sources */ = {isa = PBXBuildFile; fileRef = 8073B4AC29E211DD0054B64D /* CategoriesService.swift */; };
		8073B4BE29E211DE0054B64D /* CategoriesService.swift in Sources */ = {isa = PBXBuildFile; fileRef = 8073B4AC29E211DD0054B64D /* CategoriesService.swift */; };
		8073B4BF29E211DE0054B64D /* CategoriesService.swift in Sources */ = {isa = PBXBuildFile; fileRef = 8073B4AC29E211DD0054B64D /* CategoriesService.swift */; };
		8073B4C029E211DE0054B64D /* Advertisement.swift in Sources */ = {isa = PBXBuildFile; fileRef = 8073B4AE29E211DE0054B64D /* Advertisement.swift */; };
		8073B4C129E211DE0054B64D /* Advertisement.swift in Sources */ = {isa = PBXBuildFile; fileRef = 8073B4AE29E211DE0054B64D /* Advertisement.swift */; };
		8073B4C229E211DE0054B64D /* Advertisement.swift in Sources */ = {isa = PBXBuildFile; fileRef = 8073B4AE29E211DE0054B64D /* Advertisement.swift */; };
		8073B4C329E211DE0054B64D /* Image.swift in Sources */ = {isa = PBXBuildFile; fileRef = 8073B4AF29E211DE0054B64D /* Image.swift */; };
		8073B4C429E211DE0054B64D /* Image.swift in Sources */ = {isa = PBXBuildFile; fileRef = 8073B4AF29E211DE0054B64D /* Image.swift */; };
		8073B4C529E211DE0054B64D /* Image.swift in Sources */ = {isa = PBXBuildFile; fileRef = 8073B4AF29E211DE0054B64D /* Image.swift */; };
		8073B4C629E211DE0054B64D /* Category.swift in Sources */ = {isa = PBXBuildFile; fileRef = 8073B4B029E211DE0054B64D /* Category.swift */; };
		8073B4C729E211DE0054B64D /* Category.swift in Sources */ = {isa = PBXBuildFile; fileRef = 8073B4B029E211DE0054B64D /* Category.swift */; };
		8073B4C829E211DE0054B64D /* Category.swift in Sources */ = {isa = PBXBuildFile; fileRef = 8073B4B029E211DE0054B64D /* Category.swift */; };
/* End PBXBuildFile section */

/* Begin PBXContainerItemProxy section */
		8073B44629E0A9BA0054B64D /* PBXContainerItemProxy */ = {
			isa = PBXContainerItemProxy;
			containerPortal = 8073B42729E0A9B30054B64D /* Project object */;
			proxyType = 1;
			remoteGlobalIDString = 8073B42E29E0A9B40054B64D;
			remoteInfo = TechnicalTest;
		};
		8073B45029E0A9BA0054B64D /* PBXContainerItemProxy */ = {
			isa = PBXContainerItemProxy;
			containerPortal = 8073B42729E0A9B30054B64D /* Project object */;
			proxyType = 1;
			remoteGlobalIDString = 8073B42E29E0A9B40054B64D;
			remoteInfo = TechnicalTest;
		};
/* End PBXContainerItemProxy section */

/* Begin PBXFileReference section */
		8073B42F29E0A9B40054B64D /* TechnicalTest.app */ = {isa = PBXFileReference; explicitFileType = wrapper.application; includeInIndex = 0; path = TechnicalTest.app; sourceTree = BUILT_PRODUCTS_DIR; };
		8073B43229E0A9B40054B64D /* AppDelegate.swift */ = {isa = PBXFileReference; lastKnownFileType = sourcecode.swift; path = AppDelegate.swift; sourceTree = "<group>"; };
		8073B43429E0A9B40054B64D /* SceneDelegate.swift */ = {isa = PBXFileReference; lastKnownFileType = sourcecode.swift; path = SceneDelegate.swift; sourceTree = "<group>"; };
		8073B43629E0A9B40054B64D /* ViewController.swift */ = {isa = PBXFileReference; lastKnownFileType = sourcecode.swift; path = ViewController.swift; sourceTree = "<group>"; };
		8073B43929E0A9B40054B64D /* Base */ = {isa = PBXFileReference; lastKnownFileType = file.storyboard; name = Base; path = Base.lproj/Main.storyboard; sourceTree = "<group>"; };
		8073B43B29E0A9BA0054B64D /* Assets.xcassets */ = {isa = PBXFileReference; lastKnownFileType = folder.assetcatalog; path = Assets.xcassets; sourceTree = "<group>"; };
		8073B43E29E0A9BA0054B64D /* Base */ = {isa = PBXFileReference; lastKnownFileType = file.storyboard; name = Base; path = Base.lproj/LaunchScreen.storyboard; sourceTree = "<group>"; };
		8073B44029E0A9BA0054B64D /* Info.plist */ = {isa = PBXFileReference; lastKnownFileType = text.plist.xml; path = Info.plist; sourceTree = "<group>"; };
		8073B44529E0A9BA0054B64D /* TechnicalTestTests.xctest */ = {isa = PBXFileReference; explicitFileType = wrapper.cfbundle; includeInIndex = 0; path = TechnicalTestTests.xctest; sourceTree = BUILT_PRODUCTS_DIR; };
		8073B44929E0A9BA0054B64D /* TechnicalTestTests.swift */ = {isa = PBXFileReference; lastKnownFileType = sourcecode.swift; path = TechnicalTestTests.swift; sourceTree = "<group>"; };
		8073B44F29E0A9BA0054B64D /* TechnicalTestUITests.xctest */ = {isa = PBXFileReference; explicitFileType = wrapper.cfbundle; includeInIndex = 0; path = TechnicalTestUITests.xctest; sourceTree = BUILT_PRODUCTS_DIR; };
		8073B45329E0A9BA0054B64D /* TechnicalTestUITests.swift */ = {isa = PBXFileReference; lastKnownFileType = sourcecode.swift; path = TechnicalTestUITests.swift; sourceTree = "<group>"; };
		8073B45529E0A9BA0054B64D /* TechnicalTestUITestsLaunchTests.swift */ = {isa = PBXFileReference; lastKnownFileType = sourcecode.swift; path = TechnicalTestUITestsLaunchTests.swift; sourceTree = "<group>"; };
		8073B4A729E211DD0054B64D /* AdsServiceProtocol.swift */ = {isa = PBXFileReference; fileEncoding = 4; lastKnownFileType = sourcecode.swift; path = AdsServiceProtocol.swift; sourceTree = "<group>"; };
		8073B4A829E211DD0054B64D /* AdsService.swift */ = {isa = PBXFileReference; fileEncoding = 4; lastKnownFileType = sourcecode.swift; path = AdsService.swift; sourceTree = "<group>"; };
		8073B4A929E211DD0054B64D /* ApiConstants.swift */ = {isa = PBXFileReference; fileEncoding = 4; lastKnownFileType = sourcecode.swift; path = ApiConstants.swift; sourceTree = "<group>"; };
		8073B4AB29E211DD0054B64D /* CategoriesServiceProtocol.swift */ = {isa = PBXFileReference; fileEncoding = 4; lastKnownFileType = sourcecode.swift; path = CategoriesServiceProtocol.swift; sourceTree = "<group>"; };
		8073B4AC29E211DD0054B64D /* CategoriesService.swift */ = {isa = PBXFileReference; fileEncoding = 4; lastKnownFileType = sourcecode.swift; path = CategoriesService.swift; sourceTree = "<group>"; };
		8073B4AE29E211DE0054B64D /* Advertisement.swift */ = {isa = PBXFileReference; fileEncoding = 4; lastKnownFileType = sourcecode.swift; path = Advertisement.swift; sourceTree = "<group>"; };
		8073B4AF29E211DE0054B64D /* Image.swift */ = {isa = PBXFileReference; fileEncoding = 4; lastKnownFileType = sourcecode.swift; path = Image.swift; sourceTree = "<group>"; };
		8073B4B029E211DE0054B64D /* Category.swift */ = {isa = PBXFileReference; fileEncoding = 4; lastKnownFileType = sourcecode.swift; path = Category.swift; sourceTree = "<group>"; };
/* End PBXFileReference section */

/* Begin PBXFrameworksBuildPhase section */
		8073B42C29E0A9B40054B64D /* Frameworks */ = {
			isa = PBXFrameworksBuildPhase;
			buildActionMask = 2147483647;
			files = (
			);
			runOnlyForDeploymentPostprocessing = 0;
		};
		8073B44229E0A9BA0054B64D /* Frameworks */ = {
			isa = PBXFrameworksBuildPhase;
			buildActionMask = 2147483647;
			files = (
			);
			runOnlyForDeploymentPostprocessing = 0;
		};
		8073B44C29E0A9BA0054B64D /* Frameworks */ = {
			isa = PBXFrameworksBuildPhase;
			buildActionMask = 2147483647;
			files = (
			);
			runOnlyForDeploymentPostprocessing = 0;
		};
/* End PBXFrameworksBuildPhase section */

/* Begin PBXGroup section */
		8073B42629E0A9B30054B64D = {
			isa = PBXGroup;
			children = (
				8073B43129E0A9B40054B64D /* TechnicalTest */,
				8073B44829E0A9BA0054B64D /* TechnicalTestTests */,
				8073B45229E0A9BA0054B64D /* TechnicalTestUITests */,
				8073B43029E0A9B40054B64D /* Products */,
			);
			sourceTree = "<group>";
		};
		8073B43029E0A9B40054B64D /* Products */ = {
			isa = PBXGroup;
			children = (
				8073B42F29E0A9B40054B64D /* TechnicalTest.app */,
				8073B44529E0A9BA0054B64D /* TechnicalTestTests.xctest */,
				8073B44F29E0A9BA0054B64D /* TechnicalTestUITests.xctest */,
			);
			name = Products;
			sourceTree = "<group>";
		};
		8073B43129E0A9B40054B64D /* TechnicalTest */ = {
			isa = PBXGroup;
			children = (
				8073B4AD29E211DE0054B64D /* Model */,
				8073B4A529E211DD0054B64D /* Services */,
				8073B43229E0A9B40054B64D /* AppDelegate.swift */,
				8073B43429E0A9B40054B64D /* SceneDelegate.swift */,
				8073B43629E0A9B40054B64D /* ViewController.swift */,
				8073B43829E0A9B40054B64D /* Main.storyboard */,
				8073B43B29E0A9BA0054B64D /* Assets.xcassets */,
				8073B43D29E0A9BA0054B64D /* LaunchScreen.storyboard */,
				8073B44029E0A9BA0054B64D /* Info.plist */,
			);
			path = TechnicalTest;
			sourceTree = "<group>";
		};
		8073B44829E0A9BA0054B64D /* TechnicalTestTests */ = {
			isa = PBXGroup;
			children = (
				8073B44929E0A9BA0054B64D /* TechnicalTestTests.swift */,
			);
			path = TechnicalTestTests;
			sourceTree = "<group>";
		};
		8073B45229E0A9BA0054B64D /* TechnicalTestUITests */ = {
			isa = PBXGroup;
			children = (
				8073B45329E0A9BA0054B64D /* TechnicalTestUITests.swift */,
				8073B45529E0A9BA0054B64D /* TechnicalTestUITestsLaunchTests.swift */,
			);
			path = TechnicalTestUITests;
			sourceTree = "<group>";
		};
		8073B4A529E211DD0054B64D /* Services */ = {
			isa = PBXGroup;
			children = (
				8073B4A929E211DD0054B64D /* ApiConstants.swift */,
				8073B4A629E211DD0054B64D /* Ads */,
				8073B4AA29E211DD0054B64D /* Categories */,
			);
			path = Services;
			sourceTree = "<group>";
		};
		8073B4A629E211DD0054B64D /* Ads */ = {
			isa = PBXGroup;
			children = (
				8073B4A729E211DD0054B64D /* AdsServiceProtocol.swift */,
				8073B4A829E211DD0054B64D /* AdsService.swift */,
			);
			path = Ads;
			sourceTree = "<group>";
		};
		8073B4AA29E211DD0054B64D /* Categories */ = {
			isa = PBXGroup;
			children = (
				8073B4AB29E211DD0054B64D /* CategoriesServiceProtocol.swift */,
				8073B4AC29E211DD0054B64D /* CategoriesService.swift */,
			);
			path = Categories;
			sourceTree = "<group>";
		};
		8073B4AD29E211DE0054B64D /* Model */ = {
			isa = PBXGroup;
			children = (
				8073B4AE29E211DE0054B64D /* Advertisement.swift */,
				8073B4AF29E211DE0054B64D /* Image.swift */,
				8073B4B029E211DE0054B64D /* Category.swift */,
			);
			path = Model;
			sourceTree = "<group>";
		};
/* End PBXGroup section */

/* Begin PBXNativeTarget section */
		8073B42E29E0A9B40054B64D /* TechnicalTest */ = {
			isa = PBXNativeTarget;
			buildConfigurationList = 8073B45929E0A9BA0054B64D /* Build configuration list for PBXNativeTarget "TechnicalTest" */;
			buildPhases = (
				8073B42B29E0A9B40054B64D /* Sources */,
				8073B42C29E0A9B40054B64D /* Frameworks */,
				8073B42D29E0A9B40054B64D /* Resources */,
			);
			buildRules = (
			);
			dependencies = (
			);
			name = TechnicalTest;
			productName = TechnicalTest;
			productReference = 8073B42F29E0A9B40054B64D /* TechnicalTest.app */;
			productType = "com.apple.product-type.application";
		};
		8073B44429E0A9BA0054B64D /* TechnicalTestTests */ = {
			isa = PBXNativeTarget;
			buildConfigurationList = 8073B45C29E0A9BA0054B64D /* Build configuration list for PBXNativeTarget "TechnicalTestTests" */;
			buildPhases = (
				8073B44129E0A9BA0054B64D /* Sources */,
				8073B44229E0A9BA0054B64D /* Frameworks */,
				8073B44329E0A9BA0054B64D /* Resources */,
			);
			buildRules = (
			);
			dependencies = (
				8073B44729E0A9BA0054B64D /* PBXTargetDependency */,
			);
			name = TechnicalTestTests;
			productName = TechnicalTestTests;
			productReference = 8073B44529E0A9BA0054B64D /* TechnicalTestTests.xctest */;
			productType = "com.apple.product-type.bundle.unit-test";
		};
		8073B44E29E0A9BA0054B64D /* TechnicalTestUITests */ = {
			isa = PBXNativeTarget;
			buildConfigurationList = 8073B45F29E0A9BA0054B64D /* Build configuration list for PBXNativeTarget "TechnicalTestUITests" */;
			buildPhases = (
				8073B44B29E0A9BA0054B64D /* Sources */,
				8073B44C29E0A9BA0054B64D /* Frameworks */,
				8073B44D29E0A9BA0054B64D /* Resources */,
			);
			buildRules = (
			);
			dependencies = (
				8073B45129E0A9BA0054B64D /* PBXTargetDependency */,
			);
			name = TechnicalTestUITests;
			productName = TechnicalTestUITests;
			productReference = 8073B44F29E0A9BA0054B64D /* TechnicalTestUITests.xctest */;
			productType = "com.apple.product-type.bundle.ui-testing";
		};
/* End PBXNativeTarget section */

/* Begin PBXProject section */
		8073B42729E0A9B30054B64D /* Project object */ = {
			isa = PBXProject;
			attributes = {
				BuildIndependentTargetsInParallel = 1;
				LastSwiftUpdateCheck = 1420;
				LastUpgradeCheck = 1420;
				TargetAttributes = {
					8073B42E29E0A9B40054B64D = {
						CreatedOnToolsVersion = 14.2;
					};
					8073B44429E0A9BA0054B64D = {
						CreatedOnToolsVersion = 14.2;
						TestTargetID = 8073B42E29E0A9B40054B64D;
					};
					8073B44E29E0A9BA0054B64D = {
						CreatedOnToolsVersion = 14.2;
						TestTargetID = 8073B42E29E0A9B40054B64D;
					};
				};
			};
			buildConfigurationList = 8073B42A29E0A9B30054B64D /* Build configuration list for PBXProject "TechnicalTest" */;
			compatibilityVersion = "Xcode 14.0";
			developmentRegion = en;
			hasScannedForEncodings = 0;
			knownRegions = (
				en,
				Base,
			);
			mainGroup = 8073B42629E0A9B30054B64D;
			productRefGroup = 8073B43029E0A9B40054B64D /* Products */;
			projectDirPath = "";
			projectRoot = "";
			targets = (
				8073B42E29E0A9B40054B64D /* TechnicalTest */,
				8073B44429E0A9BA0054B64D /* TechnicalTestTests */,
				8073B44E29E0A9BA0054B64D /* TechnicalTestUITests */,
			);
		};
/* End PBXProject section */

/* Begin PBXResourcesBuildPhase section */
		8073B42D29E0A9B40054B64D /* Resources */ = {
			isa = PBXResourcesBuildPhase;
			buildActionMask = 2147483647;
			files = (
				8073B43F29E0A9BA0054B64D /* LaunchScreen.storyboard in Resources */,
				8073B43C29E0A9BA0054B64D /* Assets.xcassets in Resources */,
				8073B43A29E0A9B40054B64D /* Main.storyboard in Resources */,
			);
			runOnlyForDeploymentPostprocessing = 0;
		};
		8073B44329E0A9BA0054B64D /* Resources */ = {
			isa = PBXResourcesBuildPhase;
			buildActionMask = 2147483647;
			files = (
			);
			runOnlyForDeploymentPostprocessing = 0;
		};
		8073B44D29E0A9BA0054B64D /* Resources */ = {
			isa = PBXResourcesBuildPhase;
			buildActionMask = 2147483647;
			files = (
			);
			runOnlyForDeploymentPostprocessing = 0;
		};
/* End PBXResourcesBuildPhase section */

/* Begin PBXSourcesBuildPhase section */
		8073B42B29E0A9B40054B64D /* Sources */ = {
			isa = PBXSourcesBuildPhase;
			buildActionMask = 2147483647;
			files = (
				8073B43729E0A9B40054B64D /* ViewController.swift in Sources */,
				8073B4BD29E211DE0054B64D /* CategoriesService.swift in Sources */,
				8073B4B429E211DE0054B64D /* AdsService.swift in Sources */,
				8073B4B729E211DE0054B64D /* ApiConstants.swift in Sources */,
				8073B43329E0A9B40054B64D /* AppDelegate.swift in Sources */,
				8073B4B129E211DE0054B64D /* AdsServiceProtocol.swift in Sources */,
				8073B4BA29E211DE0054B64D /* CategoriesServiceProtocol.swift in Sources */,
				8073B43529E0A9B40054B64D /* SceneDelegate.swift in Sources */,
				8073B4C029E211DE0054B64D /* Advertisement.swift in Sources */,
				8073B4C329E211DE0054B64D /* Image.swift in Sources */,
				8073B4C629E211DE0054B64D /* Category.swift in Sources */,
			);
			runOnlyForDeploymentPostprocessing = 0;
		};
		8073B44129E0A9BA0054B64D /* Sources */ = {
			isa = PBXSourcesBuildPhase;
			buildActionMask = 2147483647;
			files = (
				8073B4C129E211DE0054B64D /* Advertisement.swift in Sources */,
				8073B4C429E211DE0054B64D /* Image.swift in Sources */,
				8073B4B829E211DE0054B64D /* ApiConstants.swift in Sources */,
				8073B4B229E211DE0054B64D /* AdsServiceProtocol.swift in Sources */,
				8073B44A29E0A9BA0054B64D /* TechnicalTestTests.swift in Sources */,
				8073B4C729E211DE0054B64D /* Category.swift in Sources */,
				8073B4BB29E211DE0054B64D /* CategoriesServiceProtocol.swift in Sources */,
				8073B4B529E211DE0054B64D /* AdsService.swift in Sources */,
				8073B4BE29E211DE0054B64D /* CategoriesService.swift in Sources */,
			);
			runOnlyForDeploymentPostprocessing = 0;
		};
		8073B44B29E0A9BA0054B64D /* Sources */ = {
			isa = PBXSourcesBuildPhase;
			buildActionMask = 2147483647;
			files = (
				8073B4B629E211DE0054B64D /* AdsService.swift in Sources */,
				8073B4C829E211DE0054B64D /* Category.swift in Sources */,
				8073B4C529E211DE0054B64D /* Image.swift in Sources */,
				8073B4C229E211DE0054B64D /* Advertisement.swift in Sources */,
				8073B45629E0A9BA0054B64D /* TechnicalTestUITestsLaunchTests.swift in Sources */,
				8073B4BF29E211DE0054B64D /* CategoriesService.swift in Sources */,
				8073B4B929E211DE0054B64D /* ApiConstants.swift in Sources */,
				8073B4BC29E211DE0054B64D /* CategoriesServiceProtocol.swift in Sources */,
				8073B45429E0A9BA0054B64D /* TechnicalTestUITests.swift in Sources */,
				8073B4B329E211DE0054B64D /* AdsServiceProtocol.swift in Sources */,
			);
			runOnlyForDeploymentPostprocessing = 0;
		};
/* End PBXSourcesBuildPhase section */

/* Begin PBXTargetDependency section */
		8073B44729E0A9BA0054B64D /* PBXTargetDependency */ = {
			isa = PBXTargetDependency;
			target = 8073B42E29E0A9B40054B64D /* TechnicalTest */;
			targetProxy = 8073B44629E0A9BA0054B64D /* PBXContainerItemProxy */;
		};
		8073B45129E0A9BA0054B64D /* PBXTargetDependency */ = {
			isa = PBXTargetDependency;
			target = 8073B42E29E0A9B40054B64D /* TechnicalTest */;
			targetProxy = 8073B45029E0A9BA0054B64D /* PBXContainerItemProxy */;
		};
/* End PBXTargetDependency section */

/* Begin PBXVariantGroup section */
		8073B43829E0A9B40054B64D /* Main.storyboard */ = {
			isa = PBXVariantGroup;
			children = (
				8073B43929E0A9B40054B64D /* Base */,
			);
			name = Main.storyboard;
			sourceTree = "<group>";
		};
		8073B43D29E0A9BA0054B64D /* LaunchScreen.storyboard */ = {
			isa = PBXVariantGroup;
			children = (
				8073B43E29E0A9BA0054B64D /* Base */,
			);
			name = LaunchScreen.storyboard;
			sourceTree = "<group>";
		};
/* End PBXVariantGroup section */

/* Begin XCBuildConfiguration section */
		8073B45729E0A9BA0054B64D /* Debug */ = {
			isa = XCBuildConfiguration;
			buildSettings = {
				ALWAYS_SEARCH_USER_PATHS = NO;
				CLANG_ANALYZER_NONNULL = YES;
				CLANG_ANALYZER_NUMBER_OBJECT_CONVERSION = YES_AGGRESSIVE;
				CLANG_CXX_LANGUAGE_STANDARD = "gnu++20";
				CLANG_ENABLE_MODULES = YES;
				CLANG_ENABLE_OBJC_ARC = YES;
				CLANG_ENABLE_OBJC_WEAK = YES;
				CLANG_WARN_BLOCK_CAPTURE_AUTORELEASING = YES;
				CLANG_WARN_BOOL_CONVERSION = YES;
				CLANG_WARN_COMMA = YES;
				CLANG_WARN_CONSTANT_CONVERSION = YES;
				CLANG_WARN_DEPRECATED_OBJC_IMPLEMENTATIONS = YES;
				CLANG_WARN_DIRECT_OBJC_ISA_USAGE = YES_ERROR;
				CLANG_WARN_DOCUMENTATION_COMMENTS = YES;
				CLANG_WARN_EMPTY_BODY = YES;
				CLANG_WARN_ENUM_CONVERSION = YES;
				CLANG_WARN_INFINITE_RECURSION = YES;
				CLANG_WARN_INT_CONVERSION = YES;
				CLANG_WARN_NON_LITERAL_NULL_CONVERSION = YES;
				CLANG_WARN_OBJC_IMPLICIT_RETAIN_SELF = YES;
				CLANG_WARN_OBJC_LITERAL_CONVERSION = YES;
				CLANG_WARN_OBJC_ROOT_CLASS = YES_ERROR;
				CLANG_WARN_QUOTED_INCLUDE_IN_FRAMEWORK_HEADER = YES;
				CLANG_WARN_RANGE_LOOP_ANALYSIS = YES;
				CLANG_WARN_STRICT_PROTOTYPES = YES;
				CLANG_WARN_SUSPICIOUS_MOVE = YES;
				CLANG_WARN_UNGUARDED_AVAILABILITY = YES_AGGRESSIVE;
				CLANG_WARN_UNREACHABLE_CODE = YES;
				CLANG_WARN__DUPLICATE_METHOD_MATCH = YES;
				COPY_PHASE_STRIP = NO;
				DEBUG_INFORMATION_FORMAT = dwarf;
				ENABLE_STRICT_OBJC_MSGSEND = YES;
				ENABLE_TESTABILITY = YES;
				GCC_C_LANGUAGE_STANDARD = gnu11;
				GCC_DYNAMIC_NO_PIC = NO;
				GCC_NO_COMMON_BLOCKS = YES;
				GCC_OPTIMIZATION_LEVEL = 0;
				GCC_PREPROCESSOR_DEFINITIONS = (
					"DEBUG=1",
					"$(inherited)",
				);
				GCC_WARN_64_TO_32_BIT_CONVERSION = YES;
				GCC_WARN_ABOUT_RETURN_TYPE = YES_ERROR;
				GCC_WARN_UNDECLARED_SELECTOR = YES;
				GCC_WARN_UNINITIALIZED_AUTOS = YES_AGGRESSIVE;
				GCC_WARN_UNUSED_FUNCTION = YES;
				GCC_WARN_UNUSED_VARIABLE = YES;
				IPHONEOS_DEPLOYMENT_TARGET = 16.2;
				MTL_ENABLE_DEBUG_INFO = INCLUDE_SOURCE;
				MTL_FAST_MATH = YES;
				ONLY_ACTIVE_ARCH = YES;
				SDKROOT = iphoneos;
				SWIFT_ACTIVE_COMPILATION_CONDITIONS = DEBUG;
				SWIFT_OPTIMIZATION_LEVEL = "-Onone";
			};
			name = Debug;
		};
		8073B45829E0A9BA0054B64D /* Release */ = {
			isa = XCBuildConfiguration;
			buildSettings = {
				ALWAYS_SEARCH_USER_PATHS = NO;
				CLANG_ANALYZER_NONNULL = YES;
				CLANG_ANALYZER_NUMBER_OBJECT_CONVERSION = YES_AGGRESSIVE;
				CLANG_CXX_LANGUAGE_STANDARD = "gnu++20";
				CLANG_ENABLE_MODULES = YES;
				CLANG_ENABLE_OBJC_ARC = YES;
				CLANG_ENABLE_OBJC_WEAK = YES;
				CLANG_WARN_BLOCK_CAPTURE_AUTORELEASING = YES;
				CLANG_WARN_BOOL_CONVERSION = YES;
				CLANG_WARN_COMMA = YES;
				CLANG_WARN_CONSTANT_CONVERSION = YES;
				CLANG_WARN_DEPRECATED_OBJC_IMPLEMENTATIONS = YES;
				CLANG_WARN_DIRECT_OBJC_ISA_USAGE = YES_ERROR;
				CLANG_WARN_DOCUMENTATION_COMMENTS = YES;
				CLANG_WARN_EMPTY_BODY = YES;
				CLANG_WARN_ENUM_CONVERSION = YES;
				CLANG_WARN_INFINITE_RECURSION = YES;
				CLANG_WARN_INT_CONVERSION = YES;
				CLANG_WARN_NON_LITERAL_NULL_CONVERSION = YES;
				CLANG_WARN_OBJC_IMPLICIT_RETAIN_SELF = YES;
				CLANG_WARN_OBJC_LITERAL_CONVERSION = YES;
				CLANG_WARN_OBJC_ROOT_CLASS = YES_ERROR;
				CLANG_WARN_QUOTED_INCLUDE_IN_FRAMEWORK_HEADER = YES;
				CLANG_WARN_RANGE_LOOP_ANALYSIS = YES;
				CLANG_WARN_STRICT_PROTOTYPES = YES;
				CLANG_WARN_SUSPICIOUS_MOVE = YES;
				CLANG_WARN_UNGUARDED_AVAILABILITY = YES_AGGRESSIVE;
				CLANG_WARN_UNREACHABLE_CODE = YES;
				CLANG_WARN__DUPLICATE_METHOD_MATCH = YES;
				COPY_PHASE_STRIP = NO;
				DEBUG_INFORMATION_FORMAT = "dwarf-with-dsym";
				ENABLE_NS_ASSERTIONS = NO;
				ENABLE_STRICT_OBJC_MSGSEND = YES;
				GCC_C_LANGUAGE_STANDARD = gnu11;
				GCC_NO_COMMON_BLOCKS = YES;
				GCC_WARN_64_TO_32_BIT_CONVERSION = YES;
				GCC_WARN_ABOUT_RETURN_TYPE = YES_ERROR;
				GCC_WARN_UNDECLARED_SELECTOR = YES;
				GCC_WARN_UNINITIALIZED_AUTOS = YES_AGGRESSIVE;
				GCC_WARN_UNUSED_FUNCTION = YES;
				GCC_WARN_UNUSED_VARIABLE = YES;
				IPHONEOS_DEPLOYMENT_TARGET = 16.2;
				MTL_ENABLE_DEBUG_INFO = NO;
				MTL_FAST_MATH = YES;
				SDKROOT = iphoneos;
				SWIFT_COMPILATION_MODE = wholemodule;
				SWIFT_OPTIMIZATION_LEVEL = "-O";
				VALIDATE_PRODUCT = YES;
			};
			name = Release;
		};
		8073B45A29E0A9BA0054B64D /* Debug */ = {
			isa = XCBuildConfiguration;
			buildSettings = {
				ASSETCATALOG_COMPILER_APPICON_NAME = AppIcon;
				ASSETCATALOG_COMPILER_GLOBAL_ACCENT_COLOR_NAME = AccentColor;
				CODE_SIGN_STYLE = Automatic;
				CURRENT_PROJECT_VERSION = 1;
				GENERATE_INFOPLIST_FILE = YES;
				INFOPLIST_FILE = TechnicalTest/Info.plist;
				INFOPLIST_KEY_UIApplicationSupportsIndirectInputEvents = YES;
				INFOPLIST_KEY_UILaunchStoryboardName = LaunchScreen;
				INFOPLIST_KEY_UIMainStoryboardFile = Main;
				INFOPLIST_KEY_UISupportedInterfaceOrientations_iPad = "UIInterfaceOrientationPortrait UIInterfaceOrientationPortraitUpsideDown UIInterfaceOrientationLandscapeLeft UIInterfaceOrientationLandscapeRight";
				INFOPLIST_KEY_UISupportedInterfaceOrientations_iPhone = "UIInterfaceOrientationPortrait UIInterfaceOrientationLandscapeLeft UIInterfaceOrientationLandscapeRight";
				LD_RUNPATH_SEARCH_PATHS = (
					"$(inherited)",
					"@executable_path/Frameworks",
				);
				MARKETING_VERSION = 1.0;
				PRODUCT_BUNDLE_IDENTIFIER = marouene.TechnicalTest;
				PRODUCT_NAME = "$(TARGET_NAME)";
				SWIFT_EMIT_LOC_STRINGS = YES;
				SWIFT_VERSION = 5.0;
				TARGETED_DEVICE_FAMILY = "1,2";
			};
			name = Debug;
		};
		8073B45B29E0A9BA0054B64D /* Release */ = {
			isa = XCBuildConfiguration;
			buildSettings = {
				ASSETCATALOG_COMPILER_APPICON_NAME = AppIcon;
				ASSETCATALOG_COMPILER_GLOBAL_ACCENT_COLOR_NAME = AccentColor;
				CODE_SIGN_STYLE = Automatic;
				CURRENT_PROJECT_VERSION = 1;
				GENERATE_INFOPLIST_FILE = YES;
				INFOPLIST_FILE = TechnicalTest/Info.plist;
				INFOPLIST_KEY_UIApplicationSupportsIndirectInputEvents = YES;
				INFOPLIST_KEY_UILaunchStoryboardName = LaunchScreen;
				INFOPLIST_KEY_UIMainStoryboardFile = Main;
				INFOPLIST_KEY_UISupportedInterfaceOrientations_iPad = "UIInterfaceOrientationPortrait UIInterfaceOrientationPortraitUpsideDown UIInterfaceOrientationLandscapeLeft UIInterfaceOrientationLandscapeRight";
				INFOPLIST_KEY_UISupportedInterfaceOrientations_iPhone = "UIInterfaceOrientationPortrait UIInterfaceOrientationLandscapeLeft UIInterfaceOrientationLandscapeRight";
				LD_RUNPATH_SEARCH_PATHS = (
					"$(inherited)",
					"@executable_path/Frameworks",
				);
				MARKETING_VERSION = 1.0;
				PRODUCT_BUNDLE_IDENTIFIER = marouene.TechnicalTest;
				PRODUCT_NAME = "$(TARGET_NAME)";
				SWIFT_EMIT_LOC_STRINGS = YES;
				SWIFT_VERSION = 5.0;
				TARGETED_DEVICE_FAMILY = "1,2";
			};
			name = Release;
		};
		8073B45D29E0A9BA0054B64D /* Debug */ = {
			isa = XCBuildConfiguration;
			buildSettings = {
				ALWAYS_EMBED_SWIFT_STANDARD_LIBRARIES = YES;
				BUNDLE_LOADER = "$(TEST_HOST)";
				CODE_SIGN_STYLE = Automatic;
				CURRENT_PROJECT_VERSION = 1;
				GENERATE_INFOPLIST_FILE = YES;
				IPHONEOS_DEPLOYMENT_TARGET = 16.2;
				MARKETING_VERSION = 1.0;
				PRODUCT_BUNDLE_IDENTIFIER = marouene.TechnicalTestTests;
				PRODUCT_NAME = "$(TARGET_NAME)";
				SWIFT_EMIT_LOC_STRINGS = NO;
				SWIFT_VERSION = 5.0;
				TARGETED_DEVICE_FAMILY = "1,2";
				TEST_HOST = "$(BUILT_PRODUCTS_DIR)/TechnicalTest.app/$(BUNDLE_EXECUTABLE_FOLDER_PATH)/TechnicalTest";
			};
			name = Debug;
		};
		8073B45E29E0A9BA0054B64D /* Release */ = {
			isa = XCBuildConfiguration;
			buildSettings = {
				ALWAYS_EMBED_SWIFT_STANDARD_LIBRARIES = YES;
				BUNDLE_LOADER = "$(TEST_HOST)";
				CODE_SIGN_STYLE = Automatic;
				CURRENT_PROJECT_VERSION = 1;
				GENERATE_INFOPLIST_FILE = YES;
				IPHONEOS_DEPLOYMENT_TARGET = 16.2;
				MARKETING_VERSION = 1.0;
				PRODUCT_BUNDLE_IDENTIFIER = marouene.TechnicalTestTests;
				PRODUCT_NAME = "$(TARGET_NAME)";
				SWIFT_EMIT_LOC_STRINGS = NO;
				SWIFT_VERSION = 5.0;
				TARGETED_DEVICE_FAMILY = "1,2";
				TEST_HOST = "$(BUILT_PRODUCTS_DIR)/TechnicalTest.app/$(BUNDLE_EXECUTABLE_FOLDER_PATH)/TechnicalTest";
			};
			name = Release;
		};
		8073B46029E0A9BA0054B64D /* Debug */ = {
			isa = XCBuildConfiguration;
			buildSettings = {
				ALWAYS_EMBED_SWIFT_STANDARD_LIBRARIES = YES;
				CODE_SIGN_STYLE = Automatic;
				CURRENT_PROJECT_VERSION = 1;
				GENERATE_INFOPLIST_FILE = YES;
				MARKETING_VERSION = 1.0;
				PRODUCT_BUNDLE_IDENTIFIER = marouene.TechnicalTestUITests;
				PRODUCT_NAME = "$(TARGET_NAME)";
				SWIFT_EMIT_LOC_STRINGS = NO;
				SWIFT_VERSION = 5.0;
				TARGETED_DEVICE_FAMILY = "1,2";
				TEST_TARGET_NAME = TechnicalTest;
			};
			name = Debug;
		};
		8073B46129E0A9BA0054B64D /* Release */ = {
			isa = XCBuildConfiguration;
			buildSettings = {
				ALWAYS_EMBED_SWIFT_STANDARD_LIBRARIES = YES;
				CODE_SIGN_STYLE = Automatic;
				CURRENT_PROJECT_VERSION = 1;
				GENERATE_INFOPLIST_FILE = YES;
				MARKETING_VERSION = 1.0;
				PRODUCT_BUNDLE_IDENTIFIER = marouene.TechnicalTestUITests;
				PRODUCT_NAME = "$(TARGET_NAME)";
				SWIFT_EMIT_LOC_STRINGS = NO;
				SWIFT_VERSION = 5.0;
				TARGETED_DEVICE_FAMILY = "1,2";
				TEST_TARGET_NAME = TechnicalTest;
			};
			name = Release;
		};
/* End XCBuildConfiguration section */

/* Begin XCConfigurationList section */
		8073B42A29E0A9B30054B64D /* Build configuration list for PBXProject "TechnicalTest" */ = {
			isa = XCConfigurationList;
			buildConfigurations = (
				8073B45729E0A9BA0054B64D /* Debug */,
				8073B45829E0A9BA0054B64D /* Release */,
			);
			defaultConfigurationIsVisible = 0;
			defaultConfigurationName = Release;
		};
		8073B45929E0A9BA0054B64D /* Build configuration list for PBXNativeTarget "TechnicalTest" */ = {
			isa = XCConfigurationList;
			buildConfigurations = (
				8073B45A29E0A9BA0054B64D /* Debug */,
				8073B45B29E0A9BA0054B64D /* Release */,
			);
			defaultConfigurationIsVisible = 0;
			defaultConfigurationName = Release;
		};
		8073B45C29E0A9BA0054B64D /* Build configuration list for PBXNativeTarget "TechnicalTestTests" */ = {
			isa = XCConfigurationList;
			buildConfigurations = (
				8073B45D29E0A9BA0054B64D /* Debug */,
				8073B45E29E0A9BA0054B64D /* Release */,
			);
			defaultConfigurationIsVisible = 0;
			defaultConfigurationName = Release;
		};
		8073B45F29E0A9BA0054B64D /* Build configuration list for PBXNativeTarget "TechnicalTestUITests" */ = {
			isa = XCConfigurationList;
			buildConfigurations = (
				8073B46029E0A9BA0054B64D /* Debug */,
				8073B46129E0A9BA0054B64D /* Release */,
			);
			defaultConfigurationIsVisible = 0;
			defaultConfigurationName = Release;
		};
/* End XCConfigurationList section */
	};
	rootObject = 8073B42729E0A9B30054B64D /* Project object */;
}
